
Microsoft Visual Studio Solution File, Format Version 12.00
# Visual Studio 15
VisualStudioVersion = 15.0.27703.2018
MinimumVisualStudioVersion = 10.0.40219.1
Project("{9A19103F-16F7-4668-BE54-9A1E7A4F7556}") = "OnitamaTestClient", "OnitamaTestClient\OnitamaTestClient.csproj", "{AC9E5088-B171-40ED-B629-3C99638DEF8B}"
EndProject
Global
	GlobalSection(SolutionConfigurationPlatforms) = preSolution
		Debug|Any CPU = Debug|Any CPU
		Release|Any CPU = Release|Any CPU
	EndGlobalSection
	GlobalSection(ProjectConfigurationPlatforms) = postSolution
		{AC9E5088-B171-40ED-B629-3C99638DEF8B}.Debug|Any CPU.ActiveCfg = Debug|Any CPU
		{AC9E5088-B171-40ED-B629-3C99638DEF8B}.Debug|Any CPU.Build.0 = Debug|Any CPU
		{AC9E5088-B171-40ED-B629-3C99638DEF8B}.Release|Any CPU.ActiveCfg = Release|Any CPU
		{AC9E5088-B171-40ED-B629-3C99638DEF8B}.Release|Any CPU.Build.0 = Release|Any CPU
	EndGlobalSection
	GlobalSection(SolutionProperties) = preSolution
		HideSolutionNode = FALSE
	EndGlobalSection
	GlobalSection(ExtensibilityGlobals) = postSolution
		SolutionGuid = {AED240E0-6C74-47D2-99F4-BD06AC0513E8}
	EndGlobalSection
EndGlobal
